
Microsoft Visual Studio Solution File, Format Version 12.00
# Visual Studio 15
VisualStudioVersion = 15.0.28307.902
MinimumVisualStudioVersion = 10.0.40219.1
Project("{FAE04EC0-301F-11D3-BF4B-00C04F79EFBC}") = "StaffQqualificationForms", "staff_qualification_Forms\StaffQqualificationForms.csproj", "{40B89C88-BE76-4A0F-907E-82731E9957D2}"
EndProject
Project("{FAE04EC0-301F-11D3-BF4B-00C04F79EFBC}") = "Staffs", "Staff\Staffs.csproj", "{02F49682-B00D-44DC-BAD4-7E8ACD91CC07}"
EndProject
Project("{FAE04EC0-301F-11D3-BF4B-00C04F79EFBC}") = "StaffQualification.Common", "StaffQualification.Common\StaffQualification.Common.csproj", "{30ABFB43-9F0D-4F9C-AA44-357B40DFF417}"
EndProject
Project("{FAE04EC0-301F-11D3-BF4B-00C04F79EFBC}") = "Projects", "Projects\Projects.csproj", "{2A9C983E-6335-4942-AA05-AAAC91D72FF2}"
EndProject
Project("{FAE04EC0-301F-11D3-BF4B-00C04F79EFBC}") = "Qualifications", "Qualifications\Qualifications.csproj", "{937CC1C9-4CA7-4E59-9052-F766EC1F1F10}"
EndProject
Project("{FAE04EC0-301F-11D3-BF4B-00C04F79EFBC}") = "Reports", "Reports\Reports.csproj", "{68854DCE-845B-4716-A518-D5614E5CC4CD}"
EndProject
Project("{FAE04EC0-301F-11D3-BF4B-00C04F79EFBC}") = "DB", "DB\DB.csproj", "{334DC4DF-49CF-4A42-9654-DBB76F8F2406}"
EndProject
Project("{FAE04EC0-301F-11D3-BF4B-00C04F79EFBC}") = "DbModel", "DbModel\DbModel.csproj", "{78E4A876-2542-49A8-9E06-735F360964FC}"
EndProject
Global
	GlobalSection(SolutionConfigurationPlatforms) = preSolution
		Debug|Any CPU = Debug|Any CPU
		Release|Any CPU = Release|Any CPU
	EndGlobalSection
	GlobalSection(ProjectConfigurationPlatforms) = postSolution
		{40B89C88-BE76-4A0F-907E-82731E9957D2}.Debug|Any CPU.ActiveCfg = Debug|Any CPU
		{40B89C88-BE76-4A0F-907E-82731E9957D2}.Debug|Any CPU.Build.0 = Debug|Any CPU
		{40B89C88-BE76-4A0F-907E-82731E9957D2}.Release|Any CPU.ActiveCfg = Release|Any CPU
		{40B89C88-BE76-4A0F-907E-82731E9957D2}.Release|Any CPU.Build.0 = Release|Any CPU
		{02F49682-B00D-44DC-BAD4-7E8ACD91CC07}.Debug|Any CPU.ActiveCfg = Debug|Any CPU
		{02F49682-B00D-44DC-BAD4-7E8ACD91CC07}.Debug|Any CPU.Build.0 = Debug|Any CPU
		{02F49682-B00D-44DC-BAD4-7E8ACD91CC07}.Release|Any CPU.ActiveCfg = Release|Any CPU
		{02F49682-B00D-44DC-BAD4-7E8ACD91CC07}.Release|Any CPU.Build.0 = Release|Any CPU
		{30ABFB43-9F0D-4F9C-AA44-357B40DFF417}.Debug|Any CPU.ActiveCfg = Debug|Any CPU
		{30ABFB43-9F0D-4F9C-AA44-357B40DFF417}.Debug|Any CPU.Build.0 = Debug|Any CPU
		{30ABFB43-9F0D-4F9C-AA44-357B40DFF417}.Release|Any CPU.ActiveCfg = Release|Any CPU
		{30ABFB43-9F0D-4F9C-AA44-357B40DFF417}.Release|Any CPU.Build.0 = Release|Any CPU
		{2A9C983E-6335-4942-AA05-AAAC91D72FF2}.Debug|Any CPU.ActiveCfg = Debug|Any CPU
		{2A9C983E-6335-4942-AA05-AAAC91D72FF2}.Debug|Any CPU.Build.0 = Debug|Any CPU
		{2A9C983E-6335-4942-AA05-AAAC91D72FF2}.Release|Any CPU.ActiveCfg = Release|Any CPU
		{2A9C983E-6335-4942-AA05-AAAC91D72FF2}.Release|Any CPU.Build.0 = Release|Any CPU
		{937CC1C9-4CA7-4E59-9052-F766EC1F1F10}.Debug|Any CPU.ActiveCfg = Debug|Any CPU
		{937CC1C9-4CA7-4E59-9052-F766EC1F1F10}.Debug|Any CPU.Build.0 = Debug|Any CPU
		{937CC1C9-4CA7-4E59-9052-F766EC1F1F10}.Release|Any CPU.ActiveCfg = Release|Any CPU
		{937CC1C9-4CA7-4E59-9052-F766EC1F1F10}.Release|Any CPU.Build.0 = Release|Any CPU
		{68854DCE-845B-4716-A518-D5614E5CC4CD}.Debug|Any CPU.ActiveCfg = Debug|Any CPU
		{68854DCE-845B-4716-A518-D5614E5CC4CD}.Debug|Any CPU.Build.0 = Debug|Any CPU
		{68854DCE-845B-4716-A518-D5614E5CC4CD}.Release|Any CPU.ActiveCfg = Release|Any CPU
		{68854DCE-845B-4716-A518-D5614E5CC4CD}.Release|Any CPU.Build.0 = Release|Any CPU
		{334DC4DF-49CF-4A42-9654-DBB76F8F2406}.Debug|Any CPU.ActiveCfg = Debug|Any CPU
		{334DC4DF-49CF-4A42-9654-DBB76F8F2406}.Debug|Any CPU.Build.0 = Debug|Any CPU
		{334DC4DF-49CF-4A42-9654-DBB76F8F2406}.Release|Any CPU.ActiveCfg = Release|Any CPU
		{334DC4DF-49CF-4A42-9654-DBB76F8F2406}.Release|Any CPU.Build.0 = Release|Any CPU
		{78E4A876-2542-49A8-9E06-735F360964FC}.Debug|Any CPU.ActiveCfg = Debug|Any CPU
		{78E4A876-2542-49A8-9E06-735F360964FC}.Debug|Any CPU.Build.0 = Debug|Any CPU
		{78E4A876-2542-49A8-9E06-735F360964FC}.Release|Any CPU.ActiveCfg = Release|Any CPU
		{78E4A876-2542-49A8-9E06-735F360964FC}.Release|Any CPU.Build.0 = Release|Any CPU
	EndGlobalSection
	GlobalSection(SolutionProperties) = preSolution
		HideSolutionNode = FALSE
	EndGlobalSection
	GlobalSection(ExtensibilityGlobals) = postSolution
		SolutionGuid = {89EAE3B9-D05A-4CAE-A80D-C0D856F1D1D9}
	EndGlobalSection
EndGlobal
